
Microsoft Visual Studio Solution File, Format Version 12.00
# Visual Studio Version 17
VisualStudioVersion = 17.0.32112.339
MinimumVisualStudioVersion = 10.0.40219.1
Project("{FAE04EC0-301F-11D3-BF4B-00C04F79EFBC}") = "lab 2-1", "lab 2-1.csproj", "{1E98E4E6-FA4B-4A06-9817-4727FC0CD4E6}"
EndProject
Project("{FAE04EC0-301F-11D3-BF4B-00C04F79EFBC}") = "lab 2-2", "..\lab 2-2\lab 2-2.csproj", "{9E808133-2F0E-45B8-9BC5-AB532C0CD5F4}"
EndProject
Global
	GlobalSection(SolutionConfigurationPlatforms) = preSolution
		Debug|Any CPU = Debug|Any CPU
		Release|Any CPU = Release|Any CPU
	EndGlobalSection
	GlobalSection(ProjectConfigurationPlatforms) = postSolution
		{1E98E4E6-FA4B-4A06-9817-4727FC0CD4E6}.Debug|Any CPU.ActiveCfg = Debug|Any CPU
		{1E98E4E6-FA4B-4A06-9817-4727FC0CD4E6}.Debug|Any CPU.Build.0 = Debug|Any CPU
		{1E98E4E6-FA4B-4A06-9817-4727FC0CD4E6}.Release|Any CPU.ActiveCfg = Release|Any CPU
		{1E98E4E6-FA4B-4A06-9817-4727FC0CD4E6}.Release|Any CPU.Build.0 = Release|Any CPU
		{9E808133-2F0E-45B8-9BC5-AB532C0CD5F4}.Debug|Any CPU.ActiveCfg = Debug|Any CPU
		{9E808133-2F0E-45B8-9BC5-AB532C0CD5F4}.Debug|Any CPU.Build.0 = Debug|Any CPU
		{9E808133-2F0E-45B8-9BC5-AB532C0CD5F4}.Release|Any CPU.ActiveCfg = Release|Any CPU
		{9E808133-2F0E-45B8-9BC5-AB532C0CD5F4}.Release|Any CPU.Build.0 = Release|Any CPU
	EndGlobalSection
	GlobalSection(SolutionProperties) = preSolution
		HideSolutionNode = FALSE
	EndGlobalSection
	GlobalSection(ExtensibilityGlobals) = postSolution
		SolutionGuid = {A1A70965-C33F-4B30-8AB2-DE983459A314}
	EndGlobalSection
EndGlobal
